
Microsoft Visual Studio Solution File, Format Version 12.00
# Visual Studio Version 16
VisualStudioVersion = 16.0.30621.155
MinimumVisualStudioVersion = 10.0.40219.1
Project("{FAE04EC0-301F-11D3-BF4B-00C04F79EFBC}") = "DotnetTry1", "DotnetTry1.csproj", "{62AB1481-512D-45C7-841B-BAE76B805B70}"
EndProject
Global
	GlobalSection(SolutionConfigurationPlatforms) = preSolution
		Debug|Any CPU = Debug|Any CPU
		Release|Any CPU = Release|Any CPU
	EndGlobalSection
	GlobalSection(ProjectConfigurationPlatforms) = postSolution
		{62AB1481-512D-45C7-841B-BAE76B805B70}.Debug|Any CPU.ActiveCfg = Debug|Any CPU
		{62AB1481-512D-45C7-841B-BAE76B805B70}.Debug|Any CPU.Build.0 = Debug|Any CPU
		{62AB1481-512D-45C7-841B-BAE76B805B70}.Release|Any CPU.ActiveCfg = Release|Any CPU
		{62AB1481-512D-45C7-841B-BAE76B805B70}.Release|Any CPU.Build.0 = Release|Any CPU
	EndGlobalSection
	GlobalSection(SolutionProperties) = preSolution
		HideSolutionNode = FALSE
	EndGlobalSection
	GlobalSection(ExtensibilityGlobals) = postSolution
		SolutionGuid = {EEC7964A-04B0-4663-952A-44F16469F38C}
	EndGlobalSection
EndGlobal
